# THIS IS AN AUTOGENERATED FILE. DO NOT EDIT THIS FILE DIRECTLY.
# yarn lockfile v1


browser-headers@^0.4.0:
  version "0.4.0"
  resolved "https://registry.yarnpkg.com/browser-headers/-/browser-headers-0.4.0.tgz#7b6b4d3cc0cecc9ddf503768147932105c421734"

google-protobuf@^3.6.1:
  version "3.6.1"
  resolved "https://registry.yarnpkg.com/google-protobuf/-/google-protobuf-3.6.1.tgz#7ef58e2bea137a93cdaf5cfd5afa5f6abdd92025"

grpc-web-client@^0.6.3:
  version "0.6.3"
  resolved "https://registry.yarnpkg.com/grpc-web-client/-/grpc-web-client-0.6.3.tgz#b3f527db570978cba51a30004d922bad9138962d"
  dependencies:
    browser-headers "^0.4.0"
